
Microsoft Visual Studio Solution File, Format Version 12.00
# Visual Studio Version 17
VisualStudioVersion = 17.0.32112.339
MinimumVisualStudioVersion = 10.0.40219.1
Project("{9A19103F-16F7-4668-BE54-9A1E7A4F7556}") = "RedditAnswerGenerator", "RedditAnswerGenerator\RedditAnswerGenerator.csproj", "{88C1CE10-8560-4283-A17A-E893D83FDB64}"
EndProject
Project("{9A19103F-16F7-4668-BE54-9A1E7A4F7556}") = "RedditAnswerGenerator.Services", "RedditAnswerGenerator.Services\RedditAnswerGenerator.Services.csproj", "{00BD1C2E-9C84-43AD-B648-97771E6770A5}"
EndProject
Project("{9A19103F-16F7-4668-BE54-9A1E7A4F7556}") = "RedditAnswerGenerator.Tests", "RedditAnswerGenerator.Tests\RedditAnswerGenerator.Tests.csproj", "{8FE393A9-F645-4E70-B9EA-159B9F0DE492}"
EndProject
Project("{FAE04EC0-301F-11D3-BF4B-00C04F79EFBC}") = "MultyGenerator", "MultyGenerator\MultyGenerator.csproj", "{DEAAD7D2-0579-41AE-A940-AC69F04599B8}"
EndProject
Global
	GlobalSection(SolutionConfigurationPlatforms) = preSolution
		Debug|Any CPU = Debug|Any CPU
		Release|Any CPU = Release|Any CPU
	EndGlobalSection
	GlobalSection(ProjectConfigurationPlatforms) = postSolution
		{88C1CE10-8560-4283-A17A-E893D83FDB64}.Debug|Any CPU.ActiveCfg = Debug|Any CPU
		{88C1CE10-8560-4283-A17A-E893D83FDB64}.Debug|Any CPU.Build.0 = Debug|Any CPU
		{88C1CE10-8560-4283-A17A-E893D83FDB64}.Release|Any CPU.ActiveCfg = Release|Any CPU
		{88C1CE10-8560-4283-A17A-E893D83FDB64}.Release|Any CPU.Build.0 = Release|Any CPU
		{00BD1C2E-9C84-43AD-B648-97771E6770A5}.Debug|Any CPU.ActiveCfg = Debug|Any CPU
		{00BD1C2E-9C84-43AD-B648-97771E6770A5}.Debug|Any CPU.Build.0 = Debug|Any CPU
		{00BD1C2E-9C84-43AD-B648-97771E6770A5}.Release|Any CPU.ActiveCfg = Release|Any CPU
		{00BD1C2E-9C84-43AD-B648-97771E6770A5}.Release|Any CPU.Build.0 = Release|Any CPU
		{8FE393A9-F645-4E70-B9EA-159B9F0DE492}.Debug|Any CPU.ActiveCfg = Debug|Any CPU
		{8FE393A9-F645-4E70-B9EA-159B9F0DE492}.Debug|Any CPU.Build.0 = Debug|Any CPU
		{8FE393A9-F645-4E70-B9EA-159B9F0DE492}.Release|Any CPU.ActiveCfg = Release|Any CPU
		{8FE393A9-F645-4E70-B9EA-159B9F0DE492}.Release|Any CPU.Build.0 = Release|Any CPU
		{DEAAD7D2-0579-41AE-A940-AC69F04599B8}.Debug|Any CPU.ActiveCfg = Debug|Any CPU
		{DEAAD7D2-0579-41AE-A940-AC69F04599B8}.Debug|Any CPU.Build.0 = Debug|Any CPU
		{DEAAD7D2-0579-41AE-A940-AC69F04599B8}.Release|Any CPU.ActiveCfg = Release|Any CPU
		{DEAAD7D2-0579-41AE-A940-AC69F04599B8}.Release|Any CPU.Build.0 = Release|Any CPU
	EndGlobalSection
	GlobalSection(SolutionProperties) = preSolution
		HideSolutionNode = FALSE
	EndGlobalSection
	GlobalSection(ExtensibilityGlobals) = postSolution
		SolutionGuid = {189C4842-9E33-496C-B6B1-F4844FA3F06A}
	EndGlobalSection
EndGlobal
